
Microsoft Visual Studio Solution File, Format Version 12.00
Project("{FAE04EC0-301F-11D3-BF4B-00C04F79EFBC}") = "Company.Web", "Company.Web\Company.Web.csproj", "{155F785F-F150-4BB2-9E91-EE685A1379B0}"
EndProject
Project("{FAE04EC0-301F-11D3-BF4B-00C04F79EFBC}") = "Company.Data", "Company.Data\Company.Data.csproj", "{D7B2A35E-E2BF-4F34-AE49-A40B19629DC8}"
EndProject
Project("{FAE04EC0-301F-11D3-BF4B-00C04F79EFBC}") = "Company.Repository", "Company.Repository\Company.Repository.csproj", "{657D29AE-C6A7-4FD6-8C90-08F02A7157F5}"
EndProject
Project("{FAE04EC0-301F-11D3-BF4B-00C04F79EFBC}") = "Company.Service", "Company.Service\Company.Service.csproj", "{705F2D27-C7E9-4A40-93C4-84B6F7D4FAC4}"
EndProject
Global
	GlobalSection(SolutionConfigurationPlatforms) = preSolution
		Debug|Any CPU = Debug|Any CPU
		Release|Any CPU = Release|Any CPU
	EndGlobalSection
	GlobalSection(ProjectConfigurationPlatforms) = postSolution
		{155F785F-F150-4BB2-9E91-EE685A1379B0}.Debug|Any CPU.ActiveCfg = Debug|Any CPU
		{155F785F-F150-4BB2-9E91-EE685A1379B0}.Debug|Any CPU.Build.0 = Debug|Any CPU
		{155F785F-F150-4BB2-9E91-EE685A1379B0}.Release|Any CPU.ActiveCfg = Release|Any CPU
		{155F785F-F150-4BB2-9E91-EE685A1379B0}.Release|Any CPU.Build.0 = Release|Any CPU
		{D7B2A35E-E2BF-4F34-AE49-A40B19629DC8}.Debug|Any CPU.ActiveCfg = Debug|Any CPU
		{D7B2A35E-E2BF-4F34-AE49-A40B19629DC8}.Debug|Any CPU.Build.0 = Debug|Any CPU
		{D7B2A35E-E2BF-4F34-AE49-A40B19629DC8}.Release|Any CPU.ActiveCfg = Release|Any CPU
		{D7B2A35E-E2BF-4F34-AE49-A40B19629DC8}.Release|Any CPU.Build.0 = Release|Any CPU
		{657D29AE-C6A7-4FD6-8C90-08F02A7157F5}.Debug|Any CPU.ActiveCfg = Debug|Any CPU
		{657D29AE-C6A7-4FD6-8C90-08F02A7157F5}.Debug|Any CPU.Build.0 = Debug|Any CPU
		{657D29AE-C6A7-4FD6-8C90-08F02A7157F5}.Release|Any CPU.ActiveCfg = Release|Any CPU
		{657D29AE-C6A7-4FD6-8C90-08F02A7157F5}.Release|Any CPU.Build.0 = Release|Any CPU
		{705F2D27-C7E9-4A40-93C4-84B6F7D4FAC4}.Debug|Any CPU.ActiveCfg = Debug|Any CPU
		{705F2D27-C7E9-4A40-93C4-84B6F7D4FAC4}.Debug|Any CPU.Build.0 = Debug|Any CPU
		{705F2D27-C7E9-4A40-93C4-84B6F7D4FAC4}.Release|Any CPU.ActiveCfg = Release|Any CPU
		{705F2D27-C7E9-4A40-93C4-84B6F7D4FAC4}.Release|Any CPU.Build.0 = Release|Any CPU
	EndGlobalSection
EndGlobal
